
Microsoft Visual Studio Solution File, Format Version 12.00
# Visual Studio Version 16
VisualStudioVersion = 16.0.28803.202
MinimumVisualStudioVersion = 10.0.40219.1
Project("{FAE04EC0-301F-11D3-BF4B-00C04F79EFBC}") = "JDCount", "JDCount\JDCount.csproj", "{0557AF96-1FB4-476F-AB14-BB4715DA8F6F}"
EndProject
Global
	GlobalSection(SolutionConfigurationPlatforms) = preSolution
		Debug|Any CPU = Debug|Any CPU
		Release|Any CPU = Release|Any CPU
	EndGlobalSection
	GlobalSection(ProjectConfigurationPlatforms) = postSolution
		{0557AF96-1FB4-476F-AB14-BB4715DA8F6F}.Debug|Any CPU.ActiveCfg = Debug|Any CPU
		{0557AF96-1FB4-476F-AB14-BB4715DA8F6F}.Debug|Any CPU.Build.0 = Debug|Any CPU
		{0557AF96-1FB4-476F-AB14-BB4715DA8F6F}.Release|Any CPU.ActiveCfg = Release|Any CPU
		{0557AF96-1FB4-476F-AB14-BB4715DA8F6F}.Release|Any CPU.Build.0 = Release|Any CPU
	EndGlobalSection
	GlobalSection(SolutionProperties) = preSolution
		HideSolutionNode = FALSE
	EndGlobalSection
	GlobalSection(ExtensibilityGlobals) = postSolution
		SolutionGuid = {54D89B9F-1CFF-4FA3-A2EF-C5CF2A80FBD3}
	EndGlobalSection
EndGlobal
