
Microsoft Visual Studio Solution File, Format Version 12.00
# Visual Studio Version 16
VisualStudioVersion = 16.0.29911.84
MinimumVisualStudioVersion = 10.0.40219.1
Project("{FAE04EC0-301F-11D3-BF4B-00C04F79EFBC}") = "DianBaTaoBao", "DianBaTaoBao\DianBaTaoBao.csproj", "{3C9558E6-F6A4-43DF-9C06-5858EEDCABFE}"
EndProject
Global
	GlobalSection(SolutionConfigurationPlatforms) = preSolution
		Debug|Any CPU = Debug|Any CPU
		Release|Any CPU = Release|Any CPU
	EndGlobalSection
	GlobalSection(ProjectConfigurationPlatforms) = postSolution
		{3C9558E6-F6A4-43DF-9C06-5858EEDCABFE}.Debug|Any CPU.ActiveCfg = Debug|Any CPU
		{3C9558E6-F6A4-43DF-9C06-5858EEDCABFE}.Debug|Any CPU.Build.0 = Debug|Any CPU
		{3C9558E6-F6A4-43DF-9C06-5858EEDCABFE}.Release|Any CPU.ActiveCfg = Release|Any CPU
		{3C9558E6-F6A4-43DF-9C06-5858EEDCABFE}.Release|Any CPU.Build.0 = Release|Any CPU
	EndGlobalSection
	GlobalSection(SolutionProperties) = preSolution
		HideSolutionNode = FALSE
	EndGlobalSection
	GlobalSection(ExtensibilityGlobals) = postSolution
		SolutionGuid = {D0C1B14D-4C3E-48EB-8265-F136449EEC7E}
	EndGlobalSection
EndGlobal
